
Microsoft Visual Studio Solution File, Format Version 12.00
# Visual Studio Version 16
VisualStudioVersion = 16.0.31410.357
MinimumVisualStudioVersion = 10.0.40219.1
Project("{9A19103F-16F7-4668-BE54-9A1E7A4F7556}") = "PoseidonSharp", "PoseidonSharp\PoseidonSharp.csproj", "{626151F3-CCA0-430F-B32D-3EBB885BE341}"
EndProject
Project("{9A19103F-16F7-4668-BE54-9A1E7A4F7556}") = "PoseidonConsole", "PoseidonConsole\PoseidonConsole.csproj", "{3EA23D88-2EFA-42B8-9939-4C72F2371889}"
EndProject
Project("{FAE04EC0-301F-11D3-BF4B-00C04F79EFBC}") = "PoseidonTests", "PoseidonTests\PoseidonTests.csproj", "{0F5334CD-544E-461A-9DB0-C6CC6EA1FD10}"
EndProject
Global
	GlobalSection(SolutionConfigurationPlatforms) = preSolution
		Debug|Any CPU = Debug|Any CPU
		Release|Any CPU = Release|Any CPU
	EndGlobalSection
	GlobalSection(ProjectConfigurationPlatforms) = postSolution
		{626151F3-CCA0-430F-B32D-3EBB885BE341}.Debug|Any CPU.ActiveCfg = Debug|Any CPU
		{626151F3-CCA0-430F-B32D-3EBB885BE341}.Debug|Any CPU.Build.0 = Debug|Any CPU
		{626151F3-CCA0-430F-B32D-3EBB885BE341}.Release|Any CPU.ActiveCfg = Release|Any CPU
		{626151F3-CCA0-430F-B32D-3EBB885BE341}.Release|Any CPU.Build.0 = Release|Any CPU
		{3EA23D88-2EFA-42B8-9939-4C72F2371889}.Debug|Any CPU.ActiveCfg = Debug|Any CPU
		{3EA23D88-2EFA-42B8-9939-4C72F2371889}.Debug|Any CPU.Build.0 = Debug|Any CPU
		{3EA23D88-2EFA-42B8-9939-4C72F2371889}.Release|Any CPU.ActiveCfg = Release|Any CPU
		{3EA23D88-2EFA-42B8-9939-4C72F2371889}.Release|Any CPU.Build.0 = Release|Any CPU
		{0F5334CD-544E-461A-9DB0-C6CC6EA1FD10}.Debug|Any CPU.ActiveCfg = Debug|Any CPU
		{0F5334CD-544E-461A-9DB0-C6CC6EA1FD10}.Debug|Any CPU.Build.0 = Debug|Any CPU
		{0F5334CD-544E-461A-9DB0-C6CC6EA1FD10}.Release|Any CPU.ActiveCfg = Release|Any CPU
		{0F5334CD-544E-461A-9DB0-C6CC6EA1FD10}.Release|Any CPU.Build.0 = Release|Any CPU
	EndGlobalSection
	GlobalSection(SolutionProperties) = preSolution
		HideSolutionNode = FALSE
	EndGlobalSection
	GlobalSection(ExtensibilityGlobals) = postSolution
		SolutionGuid = {812BC55B-BD68-48FC-B773-5EE8C71F4552}
	EndGlobalSection
EndGlobal
